
Microsoft Visual Studio Solution File, Format Version 12.00
# Visual Studio Version 16
VisualStudioVersion = 16.0.30517.126
MinimumVisualStudioVersion = 10.0.40219.1
Project("{8BC9CEB8-8B4A-11D0-8D11-00A0C91BC942}") = "Lab1_DataTypes", "Lab1_DataTypes\Lab1_DataTypes.vcxproj", "{4EBD8811-A260-4166-828C-E5FA09CF2D23}"
EndProject
Project("{8BC9CEB8-8B4A-11D0-8D11-00A0C91BC942}") = "Lab2_BranchingAndLooping", "Lab2_BranchingAndLooping\Lab2_BranchingAndLooping.vcxproj", "{E92E88F3-9A4B-470A-BEF5-090EFD5B7F64}"
EndProject
Project("{8BC9CEB8-8B4A-11D0-8D11-00A0C91BC942}") = "Lab3.1_StaticArrays", "Lab3.1_StaticArrays\Lab3.1_StaticArrays.vcxproj", "{1D38179D-FEB6-4662-BF20-38F5C4CD2C96}"
EndProject
Project("{8BC9CEB8-8B4A-11D0-8D11-00A0C91BC942}") = "Lab3.2_DynamicArrays", "Lab3.2_DynamicArrays\Lab3.2_DynamicArrays.vcxproj", "{8114B7E7-E9C2-4905-A280-4ACA9DF3FF8E}"
EndProject
Project("{8BC9CEB8-8B4A-11D0-8D11-00A0C91BC942}") = "Lab4_C-strings", "Lab4_C-strings\Lab4_C-strings.vcxproj", "{83448E00-07A5-4AE0-98E2-57A6EA3775B7}"
EndProject
Project("{8BC9CEB8-8B4A-11D0-8D11-00A0C91BC942}") = "Lab4_C++_StringsAndFiles", "Lab4_C++_StringsAndFiles\Lab4_C++_StringsAndFiles.vcxproj", "{072AC302-42C3-43F1-A7B6-1EFF9CFBE08E}"
EndProject
Global
	GlobalSection(SolutionConfigurationPlatforms) = preSolution
		Debug|x64 = Debug|x64
		Debug|x86 = Debug|x86
		Release|x64 = Release|x64
		Release|x86 = Release|x86
	EndGlobalSection
	GlobalSection(ProjectConfigurationPlatforms) = postSolution
		{4EBD8811-A260-4166-828C-E5FA09CF2D23}.Debug|x64.ActiveCfg = Debug|x64
		{4EBD8811-A260-4166-828C-E5FA09CF2D23}.Debug|x64.Build.0 = Debug|x64
		{4EBD8811-A260-4166-828C-E5FA09CF2D23}.Debug|x86.ActiveCfg = Debug|Win32
		{4EBD8811-A260-4166-828C-E5FA09CF2D23}.Debug|x86.Build.0 = Debug|Win32
		{4EBD8811-A260-4166-828C-E5FA09CF2D23}.Release|x64.ActiveCfg = Release|x64
		{4EBD8811-A260-4166-828C-E5FA09CF2D23}.Release|x64.Build.0 = Release|x64
		{4EBD8811-A260-4166-828C-E5FA09CF2D23}.Release|x86.ActiveCfg = Release|Win32
		{4EBD8811-A260-4166-828C-E5FA09CF2D23}.Release|x86.Build.0 = Release|Win32
		{E92E88F3-9A4B-470A-BEF5-090EFD5B7F64}.Debug|x64.ActiveCfg = Debug|x64
		{E92E88F3-9A4B-470A-BEF5-090EFD5B7F64}.Debug|x64.Build.0 = Debug|x64
		{E92E88F3-9A4B-470A-BEF5-090EFD5B7F64}.Debug|x86.ActiveCfg = Debug|Win32
		{E92E88F3-9A4B-470A-BEF5-090EFD5B7F64}.Debug|x86.Build.0 = Debug|Win32
		{E92E88F3-9A4B-470A-BEF5-090EFD5B7F64}.Release|x64.ActiveCfg = Release|x64
		{E92E88F3-9A4B-470A-BEF5-090EFD5B7F64}.Release|x64.Build.0 = Release|x64
		{E92E88F3-9A4B-470A-BEF5-090EFD5B7F64}.Release|x86.ActiveCfg = Release|Win32
		{E92E88F3-9A4B-470A-BEF5-090EFD5B7F64}.Release|x86.Build.0 = Release|Win32
		{1D38179D-FEB6-4662-BF20-38F5C4CD2C96}.Debug|x64.ActiveCfg = Debug|x64
		{1D38179D-FEB6-4662-BF20-38F5C4CD2C96}.Debug|x64.Build.0 = Debug|x64
		{1D38179D-FEB6-4662-BF20-38F5C4CD2C96}.Debug|x86.ActiveCfg = Debug|Win32
		{1D38179D-FEB6-4662-BF20-38F5C4CD2C96}.Debug|x86.Build.0 = Debug|Win32
		{1D38179D-FEB6-4662-BF20-38F5C4CD2C96}.Release|x64.ActiveCfg = Release|x64
		{1D38179D-FEB6-4662-BF20-38F5C4CD2C96}.Release|x64.Build.0 = Release|x64
		{1D38179D-FEB6-4662-BF20-38F5C4CD2C96}.Release|x86.ActiveCfg = Release|Win32
		{1D38179D-FEB6-4662-BF20-38F5C4CD2C96}.Release|x86.Build.0 = Release|Win32
		{8114B7E7-E9C2-4905-A280-4ACA9DF3FF8E}.Debug|x64.ActiveCfg = Debug|x64
		{8114B7E7-E9C2-4905-A280-4ACA9DF3FF8E}.Debug|x64.Build.0 = Debug|x64
		{8114B7E7-E9C2-4905-A280-4ACA9DF3FF8E}.Debug|x86.ActiveCfg = Debug|Win32
		{8114B7E7-E9C2-4905-A280-4ACA9DF3FF8E}.Debug|x86.Build.0 = Debug|Win32
		{8114B7E7-E9C2-4905-A280-4ACA9DF3FF8E}.Release|x64.ActiveCfg = Release|x64
		{8114B7E7-E9C2-4905-A280-4ACA9DF3FF8E}.Release|x64.Build.0 = Release|x64
		{8114B7E7-E9C2-4905-A280-4ACA9DF3FF8E}.Release|x86.ActiveCfg = Release|Win32
		{8114B7E7-E9C2-4905-A280-4ACA9DF3FF8E}.Release|x86.Build.0 = Release|Win32
		{83448E00-07A5-4AE0-98E2-57A6EA3775B7}.Debug|x64.ActiveCfg = Debug|x64
		{83448E00-07A5-4AE0-98E2-57A6EA3775B7}.Debug|x64.Build.0 = Debug|x64
		{83448E00-07A5-4AE0-98E2-57A6EA3775B7}.Debug|x86.ActiveCfg = Debug|Win32
		{83448E00-07A5-4AE0-98E2-57A6EA3775B7}.Debug|x86.Build.0 = Debug|Win32
		{83448E00-07A5-4AE0-98E2-57A6EA3775B7}.Release|x64.ActiveCfg = Release|x64
		{83448E00-07A5-4AE0-98E2-57A6EA3775B7}.Release|x64.Build.0 = Release|x64
		{83448E00-07A5-4AE0-98E2-57A6EA3775B7}.Release|x86.ActiveCfg = Release|Win32
		{83448E00-07A5-4AE0-98E2-57A6EA3775B7}.Release|x86.Build.0 = Release|Win32
		{072AC302-42C3-43F1-A7B6-1EFF9CFBE08E}.Debug|x64.ActiveCfg = Debug|x64
		{072AC302-42C3-43F1-A7B6-1EFF9CFBE08E}.Debug|x64.Build.0 = Debug|x64
		{072AC302-42C3-43F1-A7B6-1EFF9CFBE08E}.Debug|x86.ActiveCfg = Debug|Win32
		{072AC302-42C3-43F1-A7B6-1EFF9CFBE08E}.Debug|x86.Build.0 = Debug|Win32
		{072AC302-42C3-43F1-A7B6-1EFF9CFBE08E}.Release|x64.ActiveCfg = Release|x64
		{072AC302-42C3-43F1-A7B6-1EFF9CFBE08E}.Release|x64.Build.0 = Release|x64
		{072AC302-42C3-43F1-A7B6-1EFF9CFBE08E}.Release|x86.ActiveCfg = Release|Win32
		{072AC302-42C3-43F1-A7B6-1EFF9CFBE08E}.Release|x86.Build.0 = Release|Win32
	EndGlobalSection
	GlobalSection(SolutionProperties) = preSolution
		HideSolutionNode = FALSE
	EndGlobalSection
	GlobalSection(ExtensibilityGlobals) = postSolution
		SolutionGuid = {C6AAF659-28C2-4F63-A7E1-386B29C2EB9C}
	EndGlobalSection
EndGlobal
